
Microsoft Visual Studio Solution File, Format Version 12.00
# Visual Studio 2012
Project("{FAE04EC0-301F-11D3-BF4B-00C04F79EFBC}") = "ServiceStack_AspNet_WebForms_Example", "ServiceStack_AspNet_WebForms_Example.csproj", "{617F7FDF-F088-4697-942A-6D3C226BF855}"
EndProject
Global
	GlobalSection(SolutionConfigurationPlatforms) = preSolution
		Debug|Any CPU = Debug|Any CPU
		Release|Any CPU = Release|Any CPU
	EndGlobalSection
	GlobalSection(ProjectConfigurationPlatforms) = postSolution
		{617F7FDF-F088-4697-942A-6D3C226BF855}.Debug|Any CPU.ActiveCfg = Debug|Any CPU
		{617F7FDF-F088-4697-942A-6D3C226BF855}.Debug|Any CPU.Build.0 = Debug|Any CPU
		{617F7FDF-F088-4697-942A-6D3C226BF855}.Release|Any CPU.ActiveCfg = Release|Any CPU
		{617F7FDF-F088-4697-942A-6D3C226BF855}.Release|Any CPU.Build.0 = Release|Any CPU
	EndGlobalSection
	GlobalSection(SolutionProperties) = preSolution
		HideSolutionNode = FALSE
	EndGlobalSection
EndGlobal
