
Microsoft Visual Studio Solution File, Format Version 12.00
# Visual Studio 2012
Project("{FAE04EC0-301F-11D3-BF4B-00C04F79EFBC}") = "WebAPI_Example", "WebAPI_Example.csproj", "{B1CAD356-6698-4A0F-A905-8539CD21DA0D}"
EndProject
Global
	GlobalSection(SolutionConfigurationPlatforms) = preSolution
		Debug|Any CPU = Debug|Any CPU
		Release|Any CPU = Release|Any CPU
	EndGlobalSection
	GlobalSection(ProjectConfigurationPlatforms) = postSolution
		{B1CAD356-6698-4A0F-A905-8539CD21DA0D}.Debug|Any CPU.ActiveCfg = Debug|Any CPU
		{B1CAD356-6698-4A0F-A905-8539CD21DA0D}.Debug|Any CPU.Build.0 = Debug|Any CPU
		{B1CAD356-6698-4A0F-A905-8539CD21DA0D}.Release|Any CPU.ActiveCfg = Release|Any CPU
		{B1CAD356-6698-4A0F-A905-8539CD21DA0D}.Release|Any CPU.Build.0 = Release|Any CPU
	EndGlobalSection
	GlobalSection(SolutionProperties) = preSolution
		HideSolutionNode = FALSE
	EndGlobalSection
EndGlobal
